
Microsoft Visual Studio Solution File, Format Version 12.00
# Visual Studio Version 17
VisualStudioVersion = 17.6.33723.286
MinimumVisualStudioVersion = 10.0.40219.1
Project("{8BC9CEB8-8B4A-11D0-8D11-00A0C91BC942}") = "hats", "hats.vcxproj", "{48F6B4E6-7DB4-4839-A081-D3B9D682BC60}"
EndProject
Global
	GlobalSection(SolutionConfigurationPlatforms) = preSolution
		Debug|x64 = Debug|x64
		Debug|x86 = Debug|x86
		Release|x64 = Release|x64
		Release|x86 = Release|x86
	EndGlobalSection
	GlobalSection(ProjectConfigurationPlatforms) = postSolution
		{48F6B4E6-7DB4-4839-A081-D3B9D682BC60}.Debug|x64.ActiveCfg = Debug|x64
		{48F6B4E6-7DB4-4839-A081-D3B9D682BC60}.Debug|x64.Build.0 = Debug|x64
		{48F6B4E6-7DB4-4839-A081-D3B9D682BC60}.Debug|x86.ActiveCfg = Debug|Win32
		{48F6B4E6-7DB4-4839-A081-D3B9D682BC60}.Debug|x86.Build.0 = Debug|Win32
		{48F6B4E6-7DB4-4839-A081-D3B9D682BC60}.Release|x64.ActiveCfg = Release|x64
		{48F6B4E6-7DB4-4839-A081-D3B9D682BC60}.Release|x64.Build.0 = Release|x64
		{48F6B4E6-7DB4-4839-A081-D3B9D682BC60}.Release|x86.ActiveCfg = Release|Win32
		{48F6B4E6-7DB4-4839-A081-D3B9D682BC60}.Release|x86.Build.0 = Release|Win32
	EndGlobalSection
	GlobalSection(SolutionProperties) = preSolution
		HideSolutionNode = FALSE
	EndGlobalSection
	GlobalSection(ExtensibilityGlobals) = postSolution
		SolutionGuid = {5576C6DF-EF76-4FE7-912F-8CEDE73D1323}
	EndGlobalSection
EndGlobal
